{
  "name": "product",
  "version": "0.0.1",
  "lockfileVersion": 3,
  "requires": true,
  "packages": {
    "": {
      "name": "product",
      "version": "0.0.1",
      "dependencies": {
        "@datorama/akita": "^8.0.1",
        "tslib": "^2.3.0"
      },
      "devDependencies": {
        "@datorama/akita-ngdevtools": "^7.0.0"
      },
      "peerDependencies": {
        "@angular/common": "^19.1.0",
        "@angular/core": "^19.1.0"
      }
    },
    "node_modules/@angular/common": {
      "version": "19.2.1",
      "resolved": "https://registry.npmjs.org/@angular/common/-/common-19.2.1.tgz",
      "integrity": "sha512-k+ikxn6SlWXxXEtwRmsYZeknf3a6n3Oicde6zTLBrD/Rie/u0+okuoQcuYjntQWGgH//QBQxH4UQpvRw51AR8w==",
      "peer": true,
      "dependencies": {
        "tslib": "^2.3.0"
      },
      "engines": {
        "node": "^18.19.1 || ^20.11.1 || >=22.0.0"
      },
      "peerDependencies": {
        "@angular/core": "19.2.1",
        "rxjs": "^6.5.3 || ^7.4.0"
      }
    },
    "node_modules/@angular/core": {
      "version": "19.2.1",
      "resolved": "https://registry.npmjs.org/@angular/core/-/core-19.2.1.tgz",
      "integrity": "sha512-gwdytbZSM9m5v9PhRsvh6Q13vI1Ydcx52QGs93bpWx5ACOGYGp/Y7zc2mcZb1aUM63zGBTpS9Qw9bEsPHeLZPA==",
      "peer": true,
      "dependencies": {
        "tslib": "^2.3.0"
      },
      "engines": {
        "node": "^18.19.1 || ^20.11.1 || >=22.0.0"
      },
      "peerDependencies": {
        "rxjs": "^6.5.3 || ^7.4.0",
        "zone.js": "~0.15.0"
      }
    },
    "node_modules/@datorama/akita": {
      "version": "8.0.1",
      "resolved": "https://registry.npmjs.org/@datorama/akita/-/akita-8.0.1.tgz",
      "integrity": "sha512-0VnPWd+Sy3ColhzjDSBNcEnzAQtbezk6bYmJHvPaLMK5Ysl90KcNls2bE4sj5vaLeGLjhMtqtfp/RgrigPXDxA==",
      "peerDependencies": {
        "rxjs": "*",
        "tslib": "2.4.1"
      }
    },
    "node_modules/@datorama/akita-ngdevtools": {
      "version": "7.0.0",
      "resolved": "https://registry.npmjs.org/@datorama/akita-ngdevtools/-/akita-ngdevtools-7.0.0.tgz",
      "integrity": "sha512-ufUYu+mG9LFxDlbF4A8HYB6RhWLWy0U8iadu1ORUIEwpKhNZ6f+H4UH8ntzNxtKgf2yf61yV+s2CJ4i+WezfzA==",
      "dev": true,
      "dependencies": {
        "tslib": "^2.3.0"
      },
      "peerDependencies": {
        "@angular/core": ">= 13.0.0",
        "@datorama/akita": ">= 7.0.0",
        "rxjs": "*"
      }
    },
    "node_modules/rxjs": {
      "version": "7.8.2",
      "resolved": "https://registry.npmjs.org/rxjs/-/rxjs-7.8.2.tgz",
      "integrity": "sha512-dhKf903U/PQZY6boNNtAGdWbG85WAbjT/1xYoZIC7FAY0yWapOBQVsVrDl58W86//e1VpMNBtRV4MaXfdMySFA==",
      "peer": true,
      "dependencies": {
        "tslib": "^2.1.0"
      }
    },
    "node_modules/tslib": {
      "version": "2.4.1",
      "resolved": "https://registry.npmjs.org/tslib/-/tslib-2.4.1.tgz",
      "integrity": "sha512-tGyy4dAjRIEwI7BzsB0lynWgOpfqjUdq91XXAlIWD2OwKBH7oCl/GZG/HT4BOHrTlPMOASlMQ7veyTqpmRcrNA=="
    },
    "node_modules/zone.js": {
      "version": "0.15.0",
      "resolved": "https://registry.npmjs.org/zone.js/-/zone.js-0.15.0.tgz",
      "integrity": "sha512-9oxn0IIjbCZkJ67L+LkhYWRyAy7axphb3VgE2MBDlOqnmHMPWGYMxJxBYFueFq/JGY2GMwS0rU+UCLunEmy5UA==",
      "peer": true
    }
  }
}
